{
  "name": "watcher-node",
  "version": "1.0.0",
  "lockfileVersion": 2,
  "requires": true,
  "packages": {
    "": {
      "name": "watcher-node",
      "version": "1.0.0",
      "license": "ISC",
      "dependencies": {
        "node-microphone": "^0.1.5"
      }
    },
    "node_modules/node-microphone": {
      "version": "0.1.5",
      "resolved": "https://registry.npmjs.org/node-microphone/-/node-microphone-0.1.5.tgz",
      "integrity": "sha512-pfInNR0QGt+keErJrX6hQP1BMQMZQno791Xugjgf0crRi6QEMSjNf7Wo16qK0u5zwAozE7X05twmy5fte00TyA==",
      "engines": {
        "node": ">=4.0"
      }
    }
  },
  "dependencies": {
    "node-microphone": {
      "version": "0.1.5",
      "resolved": "https://registry.npmjs.org/node-microphone/-/node-microphone-0.1.5.tgz",
      "integrity": "sha512-pfInNR0QGt+keErJrX6hQP1BMQMZQno791Xugjgf0crRi6QEMSjNf7Wo16qK0u5zwAozE7X05twmy5fte00TyA=="
    }
  }
}
